
Microsoft Visual Studio Solution File, Format Version 12.00
Project("{FAE04EC0-301F-11D3-BF4B-00C04F79EFBC}") = "Task1.Server", "Task1.Server\Task1.Server.csproj", "{05F2F0D8-0916-43AB-81FE-F9029E1BFBB3}"
EndProject
Project("{2150E333-8FDC-42A3-9474-1A3956D46DE8}") = "Task1", "Task1", "{02AD6B3A-3812-43A9-AEC3-62C782B19191}"
EndProject
Project("{FAE04EC0-301F-11D3-BF4B-00C04F79EFBC}") = "Task1.Common", "Task1.Common\Task1.Common.csproj", "{B8A8E06D-EFE2-469A-B891-1CEE64626AAD}"
EndProject
Project("{FAE04EC0-301F-11D3-BF4B-00C04F79EFBC}") = "Task1.Client", "Task1.Client\Task1.Client.csproj", "{4EB90D3D-D135-4DDF-A04D-5330FBF5FD8A}"
EndProject
Global
	GlobalSection(SolutionConfigurationPlatforms) = preSolution
		Debug|Any CPU = Debug|Any CPU
		Release|Any CPU = Release|Any CPU
	EndGlobalSection
	GlobalSection(ProjectConfigurationPlatforms) = postSolution
		{05F2F0D8-0916-43AB-81FE-F9029E1BFBB3}.Debug|Any CPU.ActiveCfg = Debug|Any CPU
		{05F2F0D8-0916-43AB-81FE-F9029E1BFBB3}.Debug|Any CPU.Build.0 = Debug|Any CPU
		{05F2F0D8-0916-43AB-81FE-F9029E1BFBB3}.Release|Any CPU.ActiveCfg = Release|Any CPU
		{05F2F0D8-0916-43AB-81FE-F9029E1BFBB3}.Release|Any CPU.Build.0 = Release|Any CPU
		{B8A8E06D-EFE2-469A-B891-1CEE64626AAD}.Debug|Any CPU.ActiveCfg = Debug|Any CPU
		{B8A8E06D-EFE2-469A-B891-1CEE64626AAD}.Debug|Any CPU.Build.0 = Debug|Any CPU
		{B8A8E06D-EFE2-469A-B891-1CEE64626AAD}.Release|Any CPU.ActiveCfg = Release|Any CPU
		{B8A8E06D-EFE2-469A-B891-1CEE64626AAD}.Release|Any CPU.Build.0 = Release|Any CPU
		{4EB90D3D-D135-4DDF-A04D-5330FBF5FD8A}.Debug|Any CPU.ActiveCfg = Debug|Any CPU
		{4EB90D3D-D135-4DDF-A04D-5330FBF5FD8A}.Debug|Any CPU.Build.0 = Debug|Any CPU
		{4EB90D3D-D135-4DDF-A04D-5330FBF5FD8A}.Release|Any CPU.ActiveCfg = Release|Any CPU
		{4EB90D3D-D135-4DDF-A04D-5330FBF5FD8A}.Release|Any CPU.Build.0 = Release|Any CPU
	EndGlobalSection
	GlobalSection(NestedProjects) = preSolution
		{05F2F0D8-0916-43AB-81FE-F9029E1BFBB3} = {02AD6B3A-3812-43A9-AEC3-62C782B19191}
		{B8A8E06D-EFE2-469A-B891-1CEE64626AAD} = {02AD6B3A-3812-43A9-AEC3-62C782B19191}
		{4EB90D3D-D135-4DDF-A04D-5330FBF5FD8A} = {02AD6B3A-3812-43A9-AEC3-62C782B19191}
	EndGlobalSection
EndGlobal
